
Microsoft Visual Studio Solution File, Format Version 12.00
# Visual Studio 15
VisualStudioVersion = 15.0.26124.0
MinimumVisualStudioVersion = 15.0.26124.0
Project("{9A19103F-16F7-4668-BE54-9A1E7A4F7556}") = "crm-pattern.web", "crm-pattern.web\crm-pattern.web.csproj", "{069E1D30-14EF-455B-9ACE-8C246AC8010F}"
EndProject
Project("{FAE04EC0-301F-11D3-BF4B-00C04F79EFBC}") = "crm-pattern.core", "crm-pattern.core\crm-pattern.core.csproj", "{CEFD77AD-909E-4491-A8F6-549A4E5E0928}"
EndProject
Project("{FAE04EC0-301F-11D3-BF4B-00C04F79EFBC}") = "crm-pattern.tests", "crm-pattern.tests\crm-pattern.tests.csproj", "{4A0934B8-035C-4309-A769-297CF791CA93}"
EndProject
Global
	GlobalSection(SolutionConfigurationPlatforms) = preSolution
		Debug|Any CPU = Debug|Any CPU
		Debug|x64 = Debug|x64
		Debug|x86 = Debug|x86
		Release|Any CPU = Release|Any CPU
		Release|x64 = Release|x64
		Release|x86 = Release|x86
	EndGlobalSection
	GlobalSection(ProjectConfigurationPlatforms) = postSolution
		{069E1D30-14EF-455B-9ACE-8C246AC8010F}.Debug|Any CPU.ActiveCfg = Debug|Any CPU
		{069E1D30-14EF-455B-9ACE-8C246AC8010F}.Debug|Any CPU.Build.0 = Debug|Any CPU
		{069E1D30-14EF-455B-9ACE-8C246AC8010F}.Debug|x64.ActiveCfg = Debug|Any CPU
		{069E1D30-14EF-455B-9ACE-8C246AC8010F}.Debug|x64.Build.0 = Debug|Any CPU
		{069E1D30-14EF-455B-9ACE-8C246AC8010F}.Debug|x86.ActiveCfg = Debug|Any CPU
		{069E1D30-14EF-455B-9ACE-8C246AC8010F}.Debug|x86.Build.0 = Debug|Any CPU
		{069E1D30-14EF-455B-9ACE-8C246AC8010F}.Release|Any CPU.ActiveCfg = Release|Any CPU
		{069E1D30-14EF-455B-9ACE-8C246AC8010F}.Release|Any CPU.Build.0 = Release|Any CPU
		{069E1D30-14EF-455B-9ACE-8C246AC8010F}.Release|x64.ActiveCfg = Release|Any CPU
		{069E1D30-14EF-455B-9ACE-8C246AC8010F}.Release|x64.Build.0 = Release|Any CPU
		{069E1D30-14EF-455B-9ACE-8C246AC8010F}.Release|x86.ActiveCfg = Release|Any CPU
		{069E1D30-14EF-455B-9ACE-8C246AC8010F}.Release|x86.Build.0 = Release|Any CPU
		{CEFD77AD-909E-4491-A8F6-549A4E5E0928}.Debug|Any CPU.ActiveCfg = Debug|Any CPU
		{CEFD77AD-909E-4491-A8F6-549A4E5E0928}.Debug|Any CPU.Build.0 = Debug|Any CPU
		{CEFD77AD-909E-4491-A8F6-549A4E5E0928}.Debug|x64.ActiveCfg = Debug|Any CPU
		{CEFD77AD-909E-4491-A8F6-549A4E5E0928}.Debug|x64.Build.0 = Debug|Any CPU
		{CEFD77AD-909E-4491-A8F6-549A4E5E0928}.Debug|x86.ActiveCfg = Debug|Any CPU
		{CEFD77AD-909E-4491-A8F6-549A4E5E0928}.Debug|x86.Build.0 = Debug|Any CPU
		{CEFD77AD-909E-4491-A8F6-549A4E5E0928}.Release|Any CPU.ActiveCfg = Release|Any CPU
		{CEFD77AD-909E-4491-A8F6-549A4E5E0928}.Release|Any CPU.Build.0 = Release|Any CPU
		{CEFD77AD-909E-4491-A8F6-549A4E5E0928}.Release|x64.ActiveCfg = Release|Any CPU
		{CEFD77AD-909E-4491-A8F6-549A4E5E0928}.Release|x64.Build.0 = Release|Any CPU
		{CEFD77AD-909E-4491-A8F6-549A4E5E0928}.Release|x86.ActiveCfg = Release|Any CPU
		{CEFD77AD-909E-4491-A8F6-549A4E5E0928}.Release|x86.Build.0 = Release|Any CPU
		{4A0934B8-035C-4309-A769-297CF791CA93}.Debug|Any CPU.ActiveCfg = Debug|Any CPU
		{4A0934B8-035C-4309-A769-297CF791CA93}.Debug|Any CPU.Build.0 = Debug|Any CPU
		{4A0934B8-035C-4309-A769-297CF791CA93}.Debug|x64.ActiveCfg = Debug|Any CPU
		{4A0934B8-035C-4309-A769-297CF791CA93}.Debug|x64.Build.0 = Debug|Any CPU
		{4A0934B8-035C-4309-A769-297CF791CA93}.Debug|x86.ActiveCfg = Debug|Any CPU
		{4A0934B8-035C-4309-A769-297CF791CA93}.Debug|x86.Build.0 = Debug|Any CPU
		{4A0934B8-035C-4309-A769-297CF791CA93}.Release|Any CPU.ActiveCfg = Release|Any CPU
		{4A0934B8-035C-4309-A769-297CF791CA93}.Release|Any CPU.Build.0 = Release|Any CPU
		{4A0934B8-035C-4309-A769-297CF791CA93}.Release|x64.ActiveCfg = Release|Any CPU
		{4A0934B8-035C-4309-A769-297CF791CA93}.Release|x64.Build.0 = Release|Any CPU
		{4A0934B8-035C-4309-A769-297CF791CA93}.Release|x86.ActiveCfg = Release|Any CPU
		{4A0934B8-035C-4309-A769-297CF791CA93}.Release|x86.Build.0 = Release|Any CPU
	EndGlobalSection
	GlobalSection(SolutionProperties) = preSolution
		HideSolutionNode = FALSE
	EndGlobalSection
	GlobalSection(ExtensibilityGlobals) = postSolution
		SolutionGuid = {D4521FA7-78B1-4747-B025-53AE1418EF8B}
	EndGlobalSection
EndGlobal
